// !$*UTF8*$!
{
	archiveVersion = 1;
	classes = {
	};
	objectVersion = 50;
	objects = {

/* Begin PBXBuildFile section */
		D01E0C00233DB31A001E411B /* AppDelegate.m in Sources */ = {isa = PBXBuildFile; fileRef = D01E0BFF233DB31A001E411B /* AppDelegate.m */; };
		D01E0C03233DB31A001E411B /* ViewController.m in Sources */ = {isa = PBXBuildFile; fileRef = D01E0C02233DB31A001E411B /* ViewController.m */; };
		D01E0C06233DB31A001E411B /* Main.storyboard in Resources */ = {isa = PBXBuildFile; fileRef = D01E0C04233DB31A001E411B /* Main.storyboard */; };
		D01E0C08233DB31E001E411B /* Assets.xcassets in Resources */ = {isa = PBXBuildFile; fileRef = D01E0C07233DB31E001E411B /* Assets.xcassets */; };
		D01E0C0B233DB31E001E411B /* LaunchScreen.storyboard in Resources */ = {isa = PBXBuildFile; fileRef = D01E0C09233DB31E001E411B /* LaunchScreen.storyboard */; };
		D01E0C0E233DB31E001E411B /* main.m in Sources */ = {isa = PBXBuildFile; fileRef = D01E0C0D233DB31E001E411B /* main.m */; };
/* End PBXBuildFile section */

/* Begin PBXFileReference section */
		D01E0BFB233DB319001E411B /* WebviewDemo.app */ = {isa = PBXFileReference; explicitFileType = wrapper.application; includeInIndex = 0; path = WebviewDemo.app; sourceTree = BUILT_PRODUCTS_DIR; };
		D01E0BFE233DB31A001E411B /* AppDelegate.h */ = {isa = PBXFileReference; lastKnownFileType = sourcecode.c.h; path = AppDelegate.h; sourceTree = "<group>"; };
		D01E0BFF233DB31A001E411B /* AppDelegate.m */ = {isa = PBXFileReference; lastKnownFileType = sourcecode.c.objc; path = AppDelegate.m; sourceTree = "<group>"; };
		D01E0C01233DB31A001E411B /* ViewController.h */ = {isa = PBXFileReference; lastKnownFileType = sourcecode.c.h; path = ViewController.h; sourceTree = "<group>"; };
		D01E0C02233DB31A001E411B /* ViewController.m */ = {isa = PBXFileReference; lastKnownFileType = sourcecode.c.objc; path = ViewController.m; sourceTree = "<group>"; };
		D01E0C05233DB31A001E411B /* Base */ = {isa = PBXFileReference; lastKnownFileType = file.storyboard; name = Base; path = Base.lproj/Main.storyboard; sourceTree = "<group>"; };
		D01E0C07233DB31E001E411B /* Assets.xcassets */ = {isa = PBXFileReference; lastKnownFileType = folder.assetcatalog; path = Assets.xcassets; sourceTree = "<group>"; };
		D01E0C0A233DB31E001E411B /* Base */ = {isa = PBXFileReference; lastKnownFileType = file.storyboard; name = Base; path = Base.lproj/LaunchScreen.storyboard; sourceTree = "<group>"; };
		D01E0C0C233DB31E001E411B /* Info.plist */ = {isa = PBXFileReference; lastKnownFileType = text.plist.xml; path = Info.plist; sourceTree = "<group>"; };
		D01E0C0D233DB31E001E411B /* main.m */ = {isa = PBXFileReference; lastKnownFileType = sourcecode.c.objc; path = main.m; sourceTree = "<group>"; };
/* End PBXFileReference section */

/* Begin PBXFrameworksBuildPhase section */
		D01E0BF8233DB319001E411B /* Frameworks */ = {
			isa = PBXFrameworksBuildPhase;
			buildActionMask = 2147483647;
			files = (
			);
			runOnlyForDeploymentPostprocessing = 0;
		};
/* End PBXFrameworksBuildPhase section */

/* Begin PBXGroup section */
		D01E0BF2233DB319001E411B = {
			isa = PBXGroup;
			children = (
				D01E0BFD233DB319001E411B /* WebviewDemo */,
				D01E0BFC233DB319001E411B /* Products */,
			);
			sourceTree = "<group>";
		};
		D01E0BFC233DB319001E411B /* Products */ = {
			isa = PBXGroup;
			children = (
				D01E0BFB233DB319001E411B /* WebviewDemo.app */,
			);
			name = Products;
			sourceTree = "<group>";
		};
		D01E0BFD233DB319001E411B /* WebviewDemo */ = {
			isa = PBXGroup;
			children = (
				D01E0BFE233DB31A001E411B /* AppDelegate.h */,
				D01E0BFF233DB31A001E411B /* AppDelegate.m */,
				D01E0C01233DB31A001E411B /* ViewController.h */,
				D01E0C02233DB31A001E411B /* ViewController.m */,
				D01E0C04233DB31A001E411B /* Main.storyboard */,
				D01E0C07233DB31E001E411B /* Assets.xcassets */,
				D01E0C09233DB31E001E411B /* LaunchScreen.storyboard */,
				D01E0C0C233DB31E001E411B /* Info.plist */,
				D01E0C0D233DB31E001E411B /* main.m */,
			);
			path = WebviewDemo;
			sourceTree = "<group>";
		};
/* End PBXGroup section */

/* Begin PBXNativeTarget section */
		D01E0BFA233DB319001E411B /* WebviewDemo */ = {
			isa = PBXNativeTarget;
			buildConfigurationList = D01E0C11233DB31E001E411B /* Build configuration list for PBXNativeTarget "WebviewDemo" */;
			buildPhases = (
				D01E0BF7233DB319001E411B /* Sources */,
				D01E0BF8233DB319001E411B /* Frameworks */,
				D01E0BF9233DB319001E411B /* Resources */,
			);
			buildRules = (
			);
			dependencies = (
			);
			name = WebviewDemo;
			productName = WebviewDemo;
			productReference = D01E0BFB233DB319001E411B /* WebviewDemo.app */;
			productType = "com.apple.product-type.application";
		};
/* End PBXNativeTarget section */

/* Begin PBXProject section */
		D01E0BF3233DB319001E411B /* Project object */ = {
			isa = PBXProject;
			attributes = {
				LastUpgradeCheck = 1030;
				ORGANIZATIONNAME = "夷海科技";
				TargetAttributes = {
					D01E0BFA233DB319001E411B = {
						CreatedOnToolsVersion = 10.3;
					};
				};
			};
			buildConfigurationList = D01E0BF6233DB319001E411B /* Build configuration list for PBXProject "WebviewDemo" */;
			compatibilityVersion = "Xcode 9.3";
			developmentRegion = en;
			hasScannedForEncodings = 0;
			knownRegions = (
				en,
				Base,
			);
			mainGroup = D01E0BF2233DB319001E411B;
			productRefGroup = D01E0BFC233DB319001E411B /* Products */;
			projectDirPath = "";
			projectRoot = "";
			targets = (
				D01E0BFA233DB319001E411B /* WebviewDemo */,
			);
		};
/* End PBXProject section */

/* Begin PBXResourcesBuildPhase section */
		D01E0BF9233DB319001E411B /* Resources */ = {
			isa = PBXResourcesBuildPhase;
			buildActionMask = 2147483647;
			files = (
				D01E0C0B233DB31E001E411B /* LaunchScreen.storyboard in Resources */,
				D01E0C08233DB31E001E411B /* Assets.xcassets in Resources */,
				D01E0C06233DB31A001E411B /* Main.storyboard in Resources */,
			);
			runOnlyForDeploymentPostprocessing = 0;
		};
/* End PBXResourcesBuildPhase section */

/* Begin PBXSourcesBuildPhase section */
		D01E0BF7233DB319001E411B /* Sources */ = {
			isa = PBXSourcesBuildPhase;
			buildActionMask = 2147483647;
			files = (
				D01E0C03233DB31A001E411B /* ViewController.m in Sources */,
				D01E0C0E233DB31E001E411B /* main.m in Sources */,
				D01E0C00233DB31A001E411B /* AppDelegate.m in Sources */,
			);
			runOnlyForDeploymentPostprocessing = 0;
		};
/* End PBXSourcesBuildPhase section */

/* Begin PBXVariantGroup section */
		D01E0C04233DB31A001E411B /* Main.storyboard */ = {
			isa = PBXVariantGroup;
			children = (
				D01E0C05233DB31A001E411B /* Base */,
			);
			name = Main.storyboard;
			sourceTree = "<group>";
		};
		D01E0C09233DB31E001E411B /* LaunchScreen.storyboard */ = {
			isa = PBXVariantGroup;
			children = (
				D01E0C0A233DB31E001E411B /* Base */,
			);
			name = LaunchScreen.storyboard;
			sourceTree = "<group>";
		};
/* End PBXVariantGroup section */

/* Begin XCBuildConfiguration section */
		D01E0C0F233DB31E001E411B /* Debug */ = {
			isa = XCBuildConfiguration;
			buildSettings = {
				ALWAYS_SEARCH_USER_PATHS = NO;
				CLANG_ANALYZER_NONNULL = YES;
				CLANG_ANALYZER_NUMBER_OBJECT_CONVERSION = YES_AGGRESSIVE;
				CLANG_CXX_LANGUAGE_STANDARD = "gnu++14";
				CLANG_CXX_LIBRARY = "libc++";
				CLANG_ENABLE_MODULES = YES;
				CLANG_ENABLE_OBJC_ARC = YES;
				CLANG_ENABLE_OBJC_WEAK = YES;
				CLANG_WARN_BLOCK_CAPTURE_AUTORELEASING = YES;
				CLANG_WARN_BOOL_CONVERSION = YES;
				CLANG_WARN_COMMA = YES;
				CLANG_WARN_CONSTANT_CONVERSION = YES;
				CLANG_WARN_DEPRECATED_OBJC_IMPLEMENTATIONS = YES;
				CLANG_WARN_DIRECT_OBJC_ISA_USAGE = YES_ERROR;
				CLANG_WARN_DOCUMENTATION_COMMENTS = YES;
				CLANG_WARN_EMPTY_BODY = YES;
				CLANG_WARN_ENUM_CONVERSION = YES;
				CLANG_WARN_INFINITE_RECURSION = YES;
				CLANG_WARN_INT_CONVERSION = YES;
				CLANG_WARN_NON_LITERAL_NULL_CONVERSION = YES;
				CLANG_WARN_OBJC_IMPLICIT_RETAIN_SELF = YES;
				CLANG_WARN_OBJC_LITERAL_CONVERSION = YES;
				CLANG_WARN_OBJC_ROOT_CLASS = YES_ERROR;
				CLANG_WARN_RANGE_LOOP_ANALYSIS = YES;
				CLANG_WARN_STRICT_PROTOTYPES = YES;
				CLANG_WARN_SUSPICIOUS_MOVE = YES;
				CLANG_WARN_UNGUARDED_AVAILABILITY = YES_AGGRESSIVE;
				CLANG_WARN_UNREACHABLE_CODE = YES;
				CLANG_WARN__DUPLICATE_METHOD_MATCH = YES;
				CODE_SIGN_IDENTITY = "iPhone Developer";
				COPY_PHASE_STRIP = NO;
				DEBUG_INFORMATION_FORMAT = dwarf;
				ENABLE_STRICT_OBJC_MSGSEND = YES;
				ENABLE_TESTABILITY = YES;
				GCC_C_LANGUAGE_STANDARD = gnu11;
				GCC_DYNAMIC_NO_PIC = NO;
				GCC_NO_COMMON_BLOCKS = YES;
				GCC_OPTIMIZATION_LEVEL = 0;
				GCC_PREPROCESSOR_DEFINITIONS = (
					"DEBUG=1",
					"$(inherited)",
				);
				GCC_WARN_64_TO_32_BIT_CONVERSION = YES;
				GCC_WARN_ABOUT_RETURN_TYPE = YES_ERROR;
				GCC_WARN_UNDECLARED_SELECTOR = YES;
				GCC_WARN_UNINITIALIZED_AUTOS = YES_AGGRESSIVE;
				GCC_WARN_UNUSED_FUNCTION = YES;
				GCC_WARN_UNUSED_VARIABLE = YES;
				IPHONEOS_DEPLOYMENT_TARGET = 12.4;
				MTL_ENABLE_DEBUG_INFO = INCLUDE_SOURCE;
				MTL_FAST_MATH = YES;
				ONLY_ACTIVE_ARCH = YES;
				SDKROOT = iphoneos;
			};
			name = Debug;
		};
		D01E0C10233DB31E001E411B /* Release */ = {
			isa = XCBuildConfiguration;
			buildSettings = {
				ALWAYS_SEARCH_USER_PATHS = NO;
				CLANG_ANALYZER_NONNULL = YES;
				CLANG_ANALYZER_NUMBER_OBJECT_CONVERSION = YES_AGGRESSIVE;
				CLANG_CXX_LANGUAGE_STANDARD = "gnu++14";
				CLANG_CXX_LIBRARY = "libc++";
				CLANG_ENABLE_MODULES = YES;
				CLANG_ENABLE_OBJC_ARC = YES;
				CLANG_ENABLE_OBJC_WEAK = YES;
				CLANG_WARN_BLOCK_CAPTURE_AUTORELEASING = YES;
				CLANG_WARN_BOOL_CONVERSION = YES;
				CLANG_WARN_COMMA = YES;
				CLANG_WARN_CONSTANT_CONVERSION = YES;
				CLANG_WARN_DEPRECATED_OBJC_IMPLEMENTATIONS = YES;
				CLANG_WARN_DIRECT_OBJC_ISA_USAGE = YES_ERROR;
				CLANG_WARN_DOCUMENTATION_COMMENTS = YES;
				CLANG_WARN_EMPTY_BODY = YES;
				CLANG_WARN_ENUM_CONVERSION = YES;
				CLANG_WARN_INFINITE_RECURSION = YES;
				CLANG_WARN_INT_CONVERSION = YES;
				CLANG_WARN_NON_LITERAL_NULL_CONVERSION = YES;
				CLANG_WARN_OBJC_IMPLICIT_RETAIN_SELF = YES;
				CLANG_WARN_OBJC_LITERAL_CONVERSION = YES;
				CLANG_WARN_OBJC_ROOT_CLASS = YES_ERROR;
				CLANG_WARN_RANGE_LOOP_ANALYSIS = YES;
				CLANG_WARN_STRICT_PROTOTYPES = YES;
				CLANG_WARN_SUSPICIOUS_MOVE = YES;
				CLANG_WARN_UNGUARDED_AVAILABILITY = YES_AGGRESSIVE;
				CLANG_WARN_UNREACHABLE_CODE = YES;
				CLANG_WARN__DUPLICATE_METHOD_MATCH = YES;
				CODE_SIGN_IDENTITY = "iPhone Developer";
				COPY_PHASE_STRIP = NO;
				DEBUG_INFORMATION_FORMAT = "dwarf-with-dsym";
				ENABLE_NS_ASSERTIONS = NO;
				ENABLE_STRICT_OBJC_MSGSEND = YES;
				GCC_C_LANGUAGE_STANDARD = gnu11;
				GCC_NO_COMMON_BLOCKS = YES;
				GCC_WARN_64_TO_32_BIT_CONVERSION = YES;
				GCC_WARN_ABOUT_RETURN_TYPE = YES_ERROR;
				GCC_WARN_UNDECLARED_SELECTOR = YES;
				GCC_WARN_UNINITIALIZED_AUTOS = YES_AGGRESSIVE;
				GCC_WARN_UNUSED_FUNCTION = YES;
				GCC_WARN_UNUSED_VARIABLE = YES;
				IPHONEOS_DEPLOYMENT_TARGET = 12.4;
				MTL_ENABLE_DEBUG_INFO = NO;
				MTL_FAST_MATH = YES;
				SDKROOT = iphoneos;
				VALIDATE_PRODUCT = YES;
			};
			name = Release;
		};
		D01E0C12233DB31E001E411B /* Debug */ = {
			isa = XCBuildConfiguration;
			buildSettings = {
				ASSETCATALOG_COMPILER_APPICON_NAME = AppIcon;
				CODE_SIGN_STYLE = Automatic;
				DEVELOPMENT_TEAM = 5WRV645PM5;
				INFOPLIST_FILE = WebviewDemo/Info.plist;
				LD_RUNPATH_SEARCH_PATHS = (
					"$(inherited)",
					"@executable_path/Frameworks",
				);
				PRODUCT_BUNDLE_IDENTIFIER = com.gzyhkj.WebviewDemo;
				PRODUCT_NAME = "$(TARGET_NAME)";
				TARGETED_DEVICE_FAMILY = "1,2";
			};
			name = Debug;
		};
		D01E0C13233DB31E001E411B /* Release */ = {
			isa = XCBuildConfiguration;
			buildSettings = {
				ASSETCATALOG_COMPILER_APPICON_NAME = AppIcon;
				CODE_SIGN_STYLE = Automatic;
				DEVELOPMENT_TEAM = 5WRV645PM5;
				INFOPLIST_FILE = WebviewDemo/Info.plist;
				LD_RUNPATH_SEARCH_PATHS = (
					"$(inherited)",
					"@executable_path/Frameworks",
				);
				PRODUCT_BUNDLE_IDENTIFIER = com.gzyhkj.WebviewDemo;
				PRODUCT_NAME = "$(TARGET_NAME)";
				TARGETED_DEVICE_FAMILY = "1,2";
			};
			name = Release;
		};
/* End XCBuildConfiguration section */

/* Begin XCConfigurationList section */
		D01E0BF6233DB319001E411B /* Build configuration list for PBXProject "WebviewDemo" */ = {
			isa = XCConfigurationList;
			buildConfigurations = (
				D01E0C0F233DB31E001E411B /* Debug */,
				D01E0C10233DB31E001E411B /* Release */,
			);
			defaultConfigurationIsVisible = 0;
			defaultConfigurationName = Release;
		};
		D01E0C11233DB31E001E411B /* Build configuration list for PBXNativeTarget "WebviewDemo" */ = {
			isa = XCConfigurationList;
			buildConfigurations = (
				D01E0C12233DB31E001E411B /* Debug */,
				D01E0C13233DB31E001E411B /* Release */,
			);
			defaultConfigurationIsVisible = 0;
			defaultConfigurationName = Release;
		};
/* End XCConfigurationList section */
	};
	rootObject = D01E0BF3233DB319001E411B /* Project object */;
}
