// !$*UTF8*$!
{
	archiveVersion = 1;
	classes = {
	};
	objectVersion = 50;
	objects = {

/* Begin PBXBuildFile section */
		D01E0BF1233D9A41001E411B /* KVCViewController.m in Sources */ = {isa = PBXBuildFile; fileRef = D01E0BF0233D9A41001E411B /* KVCViewController.m */; };
		D04CD514234C3C9600E056C7 /* MasonryViewController.m in Sources */ = {isa = PBXBuildFile; fileRef = D04CD513234C3C9600E056C7 /* MasonryViewController.m */; };
		D0B08AC62339C27500356BFA /* AppDelegate.m in Sources */ = {isa = PBXBuildFile; fileRef = D0B08AC52339C27500356BFA /* AppDelegate.m */; };
		D0B08AC92339C27500356BFA /* ViewController.m in Sources */ = {isa = PBXBuildFile; fileRef = D0B08AC82339C27500356BFA /* ViewController.m */; };
		D0B08ACC2339C27500356BFA /* Main.storyboard in Resources */ = {isa = PBXBuildFile; fileRef = D0B08ACA2339C27500356BFA /* Main.storyboard */; };
		D0B08ACE2339C27800356BFA /* Assets.xcassets in Resources */ = {isa = PBXBuildFile; fileRef = D0B08ACD2339C27800356BFA /* Assets.xcassets */; };
		D0B08AD12339C27800356BFA /* LaunchScreen.storyboard in Resources */ = {isa = PBXBuildFile; fileRef = D0B08ACF2339C27800356BFA /* LaunchScreen.storyboard */; };
		D0B08AD42339C27800356BFA /* main.m in Sources */ = {isa = PBXBuildFile; fileRef = D0B08AD32339C27800356BFA /* main.m */; };
		D0B3143A233B537900EC8BBF /* LoginViewController.m in Sources */ = {isa = PBXBuildFile; fileRef = D0B31438233B537900EC8BBF /* LoginViewController.m */; };
		D0FF51D92367D832008D64D5 /* DemoViewController.m in Sources */ = {isa = PBXBuildFile; fileRef = D0FF51D82367D832008D64D5 /* DemoViewController.m */; };
		FECE8851B060516CBE0738E3 /* libPods-CocoPodsDemo.a in Frameworks */ = {isa = PBXBuildFile; fileRef = 13548491EDE5FA741B704E49 /* libPods-CocoPodsDemo.a */; };
/* End PBXBuildFile section */

/* Begin PBXFileReference section */
		13548491EDE5FA741B704E49 /* libPods-CocoPodsDemo.a */ = {isa = PBXFileReference; explicitFileType = archive.ar; includeInIndex = 0; path = "libPods-CocoPodsDemo.a"; sourceTree = BUILT_PRODUCTS_DIR; };
		51E574D459B770685C3AF1C0 /* Pods-CocoPodsDemo.debug.xcconfig */ = {isa = PBXFileReference; includeInIndex = 1; lastKnownFileType = text.xcconfig; name = "Pods-CocoPodsDemo.debug.xcconfig"; path = "Target Support Files/Pods-CocoPodsDemo/Pods-CocoPodsDemo.debug.xcconfig"; sourceTree = "<group>"; };
		C68597D3ABB15855510961B9 /* Pods-CocoPodsDemo.release.xcconfig */ = {isa = PBXFileReference; includeInIndex = 1; lastKnownFileType = text.xcconfig; name = "Pods-CocoPodsDemo.release.xcconfig"; path = "Target Support Files/Pods-CocoPodsDemo/Pods-CocoPodsDemo.release.xcconfig"; sourceTree = "<group>"; };
		D01E0BEF233D9A40001E411B /* KVCViewController.h */ = {isa = PBXFileReference; lastKnownFileType = sourcecode.c.h; path = KVCViewController.h; sourceTree = "<group>"; };
		D01E0BF0233D9A41001E411B /* KVCViewController.m */ = {isa = PBXFileReference; lastKnownFileType = sourcecode.c.objc; path = KVCViewController.m; sourceTree = "<group>"; };
		D04CD512234C3C9600E056C7 /* MasonryViewController.h */ = {isa = PBXFileReference; lastKnownFileType = sourcecode.c.h; path = MasonryViewController.h; sourceTree = "<group>"; };
		D04CD513234C3C9600E056C7 /* MasonryViewController.m */ = {isa = PBXFileReference; lastKnownFileType = sourcecode.c.objc; path = MasonryViewController.m; sourceTree = "<group>"; };
		D0B08AC12339C27500356BFA /* CocoPodsDemo.app */ = {isa = PBXFileReference; explicitFileType = wrapper.application; includeInIndex = 0; path = CocoPodsDemo.app; sourceTree = BUILT_PRODUCTS_DIR; };
		D0B08AC42339C27500356BFA /* AppDelegate.h */ = {isa = PBXFileReference; lastKnownFileType = sourcecode.c.h; path = AppDelegate.h; sourceTree = "<group>"; };
		D0B08AC52339C27500356BFA /* AppDelegate.m */ = {isa = PBXFileReference; lastKnownFileType = sourcecode.c.objc; path = AppDelegate.m; sourceTree = "<group>"; };
		D0B08AC72339C27500356BFA /* ViewController.h */ = {isa = PBXFileReference; lastKnownFileType = sourcecode.c.h; path = ViewController.h; sourceTree = "<group>"; };
		D0B08AC82339C27500356BFA /* ViewController.m */ = {isa = PBXFileReference; lastKnownFileType = sourcecode.c.objc; path = ViewController.m; sourceTree = "<group>"; };
		D0B08ACB2339C27500356BFA /* Base */ = {isa = PBXFileReference; lastKnownFileType = file.storyboard; name = Base; path = Base.lproj/Main.storyboard; sourceTree = "<group>"; };
		D0B08ACD2339C27800356BFA /* Assets.xcassets */ = {isa = PBXFileReference; lastKnownFileType = folder.assetcatalog; path = Assets.xcassets; sourceTree = "<group>"; };
		D0B08AD02339C27800356BFA /* Base */ = {isa = PBXFileReference; lastKnownFileType = file.storyboard; name = Base; path = Base.lproj/LaunchScreen.storyboard; sourceTree = "<group>"; };
		D0B08AD22339C27800356BFA /* Info.plist */ = {isa = PBXFileReference; lastKnownFileType = text.plist.xml; path = Info.plist; sourceTree = "<group>"; };
		D0B08AD32339C27800356BFA /* main.m */ = {isa = PBXFileReference; lastKnownFileType = sourcecode.c.objc; path = main.m; sourceTree = "<group>"; };
		D0B31437233B537900EC8BBF /* LoginViewController.h */ = {isa = PBXFileReference; lastKnownFileType = sourcecode.c.h; path = LoginViewController.h; sourceTree = "<group>"; };
		D0B31438233B537900EC8BBF /* LoginViewController.m */ = {isa = PBXFileReference; lastKnownFileType = sourcecode.c.objc; path = LoginViewController.m; sourceTree = "<group>"; };
		D0FF51D72367D832008D64D5 /* DemoViewController.h */ = {isa = PBXFileReference; lastKnownFileType = sourcecode.c.h; path = DemoViewController.h; sourceTree = "<group>"; };
		D0FF51D82367D832008D64D5 /* DemoViewController.m */ = {isa = PBXFileReference; lastKnownFileType = sourcecode.c.objc; path = DemoViewController.m; sourceTree = "<group>"; };
/* End PBXFileReference section */

/* Begin PBXFrameworksBuildPhase section */
		D0B08ABE2339C27500356BFA /* Frameworks */ = {
			isa = PBXFrameworksBuildPhase;
			buildActionMask = 2147483647;
			files = (
				FECE8851B060516CBE0738E3 /* libPods-CocoPodsDemo.a in Frameworks */,
			);
			runOnlyForDeploymentPostprocessing = 0;
		};
/* End PBXFrameworksBuildPhase section */

/* Begin PBXGroup section */
		15D5E561C59D1C7F34AB45DF /* Frameworks */ = {
			isa = PBXGroup;
			children = (
				13548491EDE5FA741B704E49 /* libPods-CocoPodsDemo.a */,
			);
			name = Frameworks;
			sourceTree = "<group>";
		};
		711B98C3149D2F7B0EE3174B /* Pods */ = {
			isa = PBXGroup;
			children = (
				51E574D459B770685C3AF1C0 /* Pods-CocoPodsDemo.debug.xcconfig */,
				C68597D3ABB15855510961B9 /* Pods-CocoPodsDemo.release.xcconfig */,
			);
			path = Pods;
			sourceTree = "<group>";
		};
		D0B08AB82339C27500356BFA = {
			isa = PBXGroup;
			children = (
				D0B08AC32339C27500356BFA /* CocoPodsDemo */,
				D0B08AC22339C27500356BFA /* Products */,
				711B98C3149D2F7B0EE3174B /* Pods */,
				15D5E561C59D1C7F34AB45DF /* Frameworks */,
			);
			sourceTree = "<group>";
		};
		D0B08AC22339C27500356BFA /* Products */ = {
			isa = PBXGroup;
			children = (
				D0B08AC12339C27500356BFA /* CocoPodsDemo.app */,
			);
			name = Products;
			sourceTree = "<group>";
		};
		D0B08AC32339C27500356BFA /* CocoPodsDemo */ = {
			isa = PBXGroup;
			children = (
				D0B08AC42339C27500356BFA /* AppDelegate.h */,
				D0B08AC52339C27500356BFA /* AppDelegate.m */,
				D0B08AC72339C27500356BFA /* ViewController.h */,
				D0B08AC82339C27500356BFA /* ViewController.m */,
				D0B08ACA2339C27500356BFA /* Main.storyboard */,
				D0B08ACD2339C27800356BFA /* Assets.xcassets */,
				D0B08ACF2339C27800356BFA /* LaunchScreen.storyboard */,
				D0B08AD22339C27800356BFA /* Info.plist */,
				D0B08AD32339C27800356BFA /* main.m */,
				D0B31437233B537900EC8BBF /* LoginViewController.h */,
				D0B31438233B537900EC8BBF /* LoginViewController.m */,
				D01E0BEF233D9A40001E411B /* KVCViewController.h */,
				D01E0BF0233D9A41001E411B /* KVCViewController.m */,
				D04CD512234C3C9600E056C7 /* MasonryViewController.h */,
				D04CD513234C3C9600E056C7 /* MasonryViewController.m */,
				D0FF51D72367D832008D64D5 /* DemoViewController.h */,
				D0FF51D82367D832008D64D5 /* DemoViewController.m */,
			);
			path = CocoPodsDemo;
			sourceTree = "<group>";
		};
/* End PBXGroup section */

/* Begin PBXNativeTarget section */
		D0B08AC02339C27500356BFA /* CocoPodsDemo */ = {
			isa = PBXNativeTarget;
			buildConfigurationList = D0B08AD72339C27800356BFA /* Build configuration list for PBXNativeTarget "CocoPodsDemo" */;
			buildPhases = (
				9CB52450168F01FE9EE9AC63 /* [CP] Check Pods Manifest.lock */,
				D0B08ABD2339C27500356BFA /* Sources */,
				D0B08ABE2339C27500356BFA /* Frameworks */,
				D0B08ABF2339C27500356BFA /* Resources */,
			);
			buildRules = (
			);
			dependencies = (
			);
			name = CocoPodsDemo;
			productName = CocoPodsDemo;
			productReference = D0B08AC12339C27500356BFA /* CocoPodsDemo.app */;
			productType = "com.apple.product-type.application";
		};
/* End PBXNativeTarget section */

/* Begin PBXProject section */
		D0B08AB92339C27500356BFA /* Project object */ = {
			isa = PBXProject;
			attributes = {
				LastUpgradeCheck = 1030;
				ORGANIZATIONNAME = "夷海科技";
				TargetAttributes = {
					D0B08AC02339C27500356BFA = {
						CreatedOnToolsVersion = 10.3;
					};
				};
			};
			buildConfigurationList = D0B08ABC2339C27500356BFA /* Build configuration list for PBXProject "CocoPodsDemo" */;
			compatibilityVersion = "Xcode 9.3";
			developmentRegion = en;
			hasScannedForEncodings = 0;
			knownRegions = (
				en,
				Base,
			);
			mainGroup = D0B08AB82339C27500356BFA;
			productRefGroup = D0B08AC22339C27500356BFA /* Products */;
			projectDirPath = "";
			projectRoot = "";
			targets = (
				D0B08AC02339C27500356BFA /* CocoPodsDemo */,
			);
		};
/* End PBXProject section */

/* Begin PBXResourcesBuildPhase section */
		D0B08ABF2339C27500356BFA /* Resources */ = {
			isa = PBXResourcesBuildPhase;
			buildActionMask = 2147483647;
			files = (
				D0B08AD12339C27800356BFA /* LaunchScreen.storyboard in Resources */,
				D0B08ACE2339C27800356BFA /* Assets.xcassets in Resources */,
				D0B08ACC2339C27500356BFA /* Main.storyboard in Resources */,
			);
			runOnlyForDeploymentPostprocessing = 0;
		};
/* End PBXResourcesBuildPhase section */

/* Begin PBXShellScriptBuildPhase section */
		9CB52450168F01FE9EE9AC63 /* [CP] Check Pods Manifest.lock */ = {
			isa = PBXShellScriptBuildPhase;
			buildActionMask = 2147483647;
			files = (
			);
			inputFileListPaths = (
			);
			inputPaths = (
				"${PODS_PODFILE_DIR_PATH}/Podfile.lock",
				"${PODS_ROOT}/Manifest.lock",
			);
			name = "[CP] Check Pods Manifest.lock";
			outputFileListPaths = (
			);
			outputPaths = (
				"$(DERIVED_FILE_DIR)/Pods-CocoPodsDemo-checkManifestLockResult.txt",
			);
			runOnlyForDeploymentPostprocessing = 0;
			shellPath = /bin/sh;
			shellScript = "diff \"${PODS_PODFILE_DIR_PATH}/Podfile.lock\" \"${PODS_ROOT}/Manifest.lock\" > /dev/null\nif [ $? != 0 ] ; then\n    # print error to STDERR\n    echo \"error: The sandbox is not in sync with the Podfile.lock. Run 'pod install' or update your CocoaPods installation.\" >&2\n    exit 1\nfi\n# This output is used by Xcode 'outputs' to avoid re-running this script phase.\necho \"SUCCESS\" > \"${SCRIPT_OUTPUT_FILE_0}\"\n";
			showEnvVarsInLog = 0;
		};
/* End PBXShellScriptBuildPhase section */

/* Begin PBXSourcesBuildPhase section */
		D0B08ABD2339C27500356BFA /* Sources */ = {
			isa = PBXSourcesBuildPhase;
			buildActionMask = 2147483647;
			files = (
				D01E0BF1233D9A41001E411B /* KVCViewController.m in Sources */,
				D0B3143A233B537900EC8BBF /* LoginViewController.m in Sources */,
				D04CD514234C3C9600E056C7 /* MasonryViewController.m in Sources */,
				D0B08AC92339C27500356BFA /* ViewController.m in Sources */,
				D0B08AD42339C27800356BFA /* main.m in Sources */,
				D0FF51D92367D832008D64D5 /* DemoViewController.m in Sources */,
				D0B08AC62339C27500356BFA /* AppDelegate.m in Sources */,
			);
			runOnlyForDeploymentPostprocessing = 0;
		};
/* End PBXSourcesBuildPhase section */

/* Begin PBXVariantGroup section */
		D0B08ACA2339C27500356BFA /* Main.storyboard */ = {
			isa = PBXVariantGroup;
			children = (
				D0B08ACB2339C27500356BFA /* Base */,
			);
			name = Main.storyboard;
			sourceTree = "<group>";
		};
		D0B08ACF2339C27800356BFA /* LaunchScreen.storyboard */ = {
			isa = PBXVariantGroup;
			children = (
				D0B08AD02339C27800356BFA /* Base */,
			);
			name = LaunchScreen.storyboard;
			sourceTree = "<group>";
		};
/* End PBXVariantGroup section */

/* Begin XCBuildConfiguration section */
		D0B08AD52339C27800356BFA /* Debug */ = {
			isa = XCBuildConfiguration;
			buildSettings = {
				ALWAYS_SEARCH_USER_PATHS = NO;
				CLANG_ANALYZER_NONNULL = YES;
				CLANG_ANALYZER_NUMBER_OBJECT_CONVERSION = YES_AGGRESSIVE;
				CLANG_CXX_LANGUAGE_STANDARD = "gnu++14";
				CLANG_CXX_LIBRARY = "libc++";
				CLANG_ENABLE_MODULES = YES;
				CLANG_ENABLE_OBJC_ARC = YES;
				CLANG_ENABLE_OBJC_WEAK = YES;
				CLANG_WARN_BLOCK_CAPTURE_AUTORELEASING = YES;
				CLANG_WARN_BOOL_CONVERSION = YES;
				CLANG_WARN_COMMA = YES;
				CLANG_WARN_CONSTANT_CONVERSION = YES;
				CLANG_WARN_DEPRECATED_OBJC_IMPLEMENTATIONS = YES;
				CLANG_WARN_DIRECT_OBJC_ISA_USAGE = YES_ERROR;
				CLANG_WARN_DOCUMENTATION_COMMENTS = YES;
				CLANG_WARN_EMPTY_BODY = YES;
				CLANG_WARN_ENUM_CONVERSION = YES;
				CLANG_WARN_INFINITE_RECURSION = YES;
				CLANG_WARN_INT_CONVERSION = YES;
				CLANG_WARN_NON_LITERAL_NULL_CONVERSION = YES;
				CLANG_WARN_OBJC_IMPLICIT_RETAIN_SELF = YES;
				CLANG_WARN_OBJC_LITERAL_CONVERSION = YES;
				CLANG_WARN_OBJC_ROOT_CLASS = YES_ERROR;
				CLANG_WARN_RANGE_LOOP_ANALYSIS = YES;
				CLANG_WARN_STRICT_PROTOTYPES = YES;
				CLANG_WARN_SUSPICIOUS_MOVE = YES;
				CLANG_WARN_UNGUARDED_AVAILABILITY = YES_AGGRESSIVE;
				CLANG_WARN_UNREACHABLE_CODE = YES;
				CLANG_WARN__DUPLICATE_METHOD_MATCH = YES;
				CODE_SIGN_IDENTITY = "iPhone Developer";
				COPY_PHASE_STRIP = NO;
				DEBUG_INFORMATION_FORMAT = dwarf;
				ENABLE_STRICT_OBJC_MSGSEND = YES;
				ENABLE_TESTABILITY = YES;
				GCC_C_LANGUAGE_STANDARD = gnu11;
				GCC_DYNAMIC_NO_PIC = NO;
				GCC_NO_COMMON_BLOCKS = YES;
				GCC_OPTIMIZATION_LEVEL = 0;
				GCC_PREPROCESSOR_DEFINITIONS = (
					"DEBUG=1",
					"$(inherited)",
				);
				GCC_WARN_64_TO_32_BIT_CONVERSION = YES;
				GCC_WARN_ABOUT_RETURN_TYPE = YES_ERROR;
				GCC_WARN_UNDECLARED_SELECTOR = YES;
				GCC_WARN_UNINITIALIZED_AUTOS = YES_AGGRESSIVE;
				GCC_WARN_UNUSED_FUNCTION = YES;
				GCC_WARN_UNUSED_VARIABLE = YES;
				IPHONEOS_DEPLOYMENT_TARGET = 12.4;
				MTL_ENABLE_DEBUG_INFO = INCLUDE_SOURCE;
				MTL_FAST_MATH = YES;
				ONLY_ACTIVE_ARCH = YES;
				SDKROOT = iphoneos;
			};
			name = Debug;
		};
		D0B08AD62339C27800356BFA /* Release */ = {
			isa = XCBuildConfiguration;
			buildSettings = {
				ALWAYS_SEARCH_USER_PATHS = NO;
				CLANG_ANALYZER_NONNULL = YES;
				CLANG_ANALYZER_NUMBER_OBJECT_CONVERSION = YES_AGGRESSIVE;
				CLANG_CXX_LANGUAGE_STANDARD = "gnu++14";
				CLANG_CXX_LIBRARY = "libc++";
				CLANG_ENABLE_MODULES = YES;
				CLANG_ENABLE_OBJC_ARC = YES;
				CLANG_ENABLE_OBJC_WEAK = YES;
				CLANG_WARN_BLOCK_CAPTURE_AUTORELEASING = YES;
				CLANG_WARN_BOOL_CONVERSION = YES;
				CLANG_WARN_COMMA = YES;
				CLANG_WARN_CONSTANT_CONVERSION = YES;
				CLANG_WARN_DEPRECATED_OBJC_IMPLEMENTATIONS = YES;
				CLANG_WARN_DIRECT_OBJC_ISA_USAGE = YES_ERROR;
				CLANG_WARN_DOCUMENTATION_COMMENTS = YES;
				CLANG_WARN_EMPTY_BODY = YES;
				CLANG_WARN_ENUM_CONVERSION = YES;
				CLANG_WARN_INFINITE_RECURSION = YES;
				CLANG_WARN_INT_CONVERSION = YES;
				CLANG_WARN_NON_LITERAL_NULL_CONVERSION = YES;
				CLANG_WARN_OBJC_IMPLICIT_RETAIN_SELF = YES;
				CLANG_WARN_OBJC_LITERAL_CONVERSION = YES;
				CLANG_WARN_OBJC_ROOT_CLASS = YES_ERROR;
				CLANG_WARN_RANGE_LOOP_ANALYSIS = YES;
				CLANG_WARN_STRICT_PROTOTYPES = YES;
				CLANG_WARN_SUSPICIOUS_MOVE = YES;
				CLANG_WARN_UNGUARDED_AVAILABILITY = YES_AGGRESSIVE;
				CLANG_WARN_UNREACHABLE_CODE = YES;
				CLANG_WARN__DUPLICATE_METHOD_MATCH = YES;
				CODE_SIGN_IDENTITY = "iPhone Developer";
				COPY_PHASE_STRIP = NO;
				DEBUG_INFORMATION_FORMAT = "dwarf-with-dsym";
				ENABLE_NS_ASSERTIONS = NO;
				ENABLE_STRICT_OBJC_MSGSEND = YES;
				GCC_C_LANGUAGE_STANDARD = gnu11;
				GCC_NO_COMMON_BLOCKS = YES;
				GCC_WARN_64_TO_32_BIT_CONVERSION = YES;
				GCC_WARN_ABOUT_RETURN_TYPE = YES_ERROR;
				GCC_WARN_UNDECLARED_SELECTOR = YES;
				GCC_WARN_UNINITIALIZED_AUTOS = YES_AGGRESSIVE;
				GCC_WARN_UNUSED_FUNCTION = YES;
				GCC_WARN_UNUSED_VARIABLE = YES;
				IPHONEOS_DEPLOYMENT_TARGET = 12.4;
				MTL_ENABLE_DEBUG_INFO = NO;
				MTL_FAST_MATH = YES;
				SDKROOT = iphoneos;
				VALIDATE_PRODUCT = YES;
			};
			name = Release;
		};
		D0B08AD82339C27800356BFA /* Debug */ = {
			isa = XCBuildConfiguration;
			baseConfigurationReference = 51E574D459B770685C3AF1C0 /* Pods-CocoPodsDemo.debug.xcconfig */;
			buildSettings = {
				ASSETCATALOG_COMPILER_APPICON_NAME = AppIcon;
				CODE_SIGN_STYLE = Automatic;
				DEVELOPMENT_TEAM = 5WRV645PM5;
				INFOPLIST_FILE = CocoPodsDemo/Info.plist;
				IPHONEOS_DEPLOYMENT_TARGET = 9.0;
				LD_RUNPATH_SEARCH_PATHS = (
					"$(inherited)",
					"@executable_path/Frameworks",
				);
				PRODUCT_BUNDLE_IDENTIFIER = com.gzyhkj.CocoPodsDemo;
				PRODUCT_NAME = "$(TARGET_NAME)";
				TARGETED_DEVICE_FAMILY = "1,2";
			};
			name = Debug;
		};
		D0B08AD92339C27800356BFA /* Release */ = {
			isa = XCBuildConfiguration;
			baseConfigurationReference = C68597D3ABB15855510961B9 /* Pods-CocoPodsDemo.release.xcconfig */;
			buildSettings = {
				ASSETCATALOG_COMPILER_APPICON_NAME = AppIcon;
				CODE_SIGN_STYLE = Automatic;
				DEVELOPMENT_TEAM = 5WRV645PM5;
				INFOPLIST_FILE = CocoPodsDemo/Info.plist;
				IPHONEOS_DEPLOYMENT_TARGET = 9.0;
				LD_RUNPATH_SEARCH_PATHS = (
					"$(inherited)",
					"@executable_path/Frameworks",
				);
				PRODUCT_BUNDLE_IDENTIFIER = com.gzyhkj.CocoPodsDemo;
				PRODUCT_NAME = "$(TARGET_NAME)";
				TARGETED_DEVICE_FAMILY = "1,2";
			};
			name = Release;
		};
/* End XCBuildConfiguration section */

/* Begin XCConfigurationList section */
		D0B08ABC2339C27500356BFA /* Build configuration list for PBXProject "CocoPodsDemo" */ = {
			isa = XCConfigurationList;
			buildConfigurations = (
				D0B08AD52339C27800356BFA /* Debug */,
				D0B08AD62339C27800356BFA /* Release */,
			);
			defaultConfigurationIsVisible = 0;
			defaultConfigurationName = Release;
		};
		D0B08AD72339C27800356BFA /* Build configuration list for PBXNativeTarget "CocoPodsDemo" */ = {
			isa = XCConfigurationList;
			buildConfigurations = (
				D0B08AD82339C27800356BFA /* Debug */,
				D0B08AD92339C27800356BFA /* Release */,
			);
			defaultConfigurationIsVisible = 0;
			defaultConfigurationName = Release;
		};
/* End XCConfigurationList section */
	};
	rootObject = D0B08AB92339C27500356BFA /* Project object */;
}
